// !$*UTF8*$!
{
	archiveVersion = 1;
	classes = {
	};
	objectVersion = 46;
	objects = {

/* Begin PBXBuildFile section */
		8ACFF73D1CBB6CCD00695E39 /* main.m in Sources */ = {isa = PBXBuildFile; fileRef = 8ACFF73C1CBB6CCD00695E39 /* main.m */; };
		8ACFF7401CBB6CCD00695E39 /* AppDelegate.m in Sources */ = {isa = PBXBuildFile; fileRef = 8ACFF73F1CBB6CCD00695E39 /* AppDelegate.m */; };
		8ACFF7431CBB6CCD00695E39 /* ViewController.m in Sources */ = {isa = PBXBuildFile; fileRef = 8ACFF7421CBB6CCD00695E39 /* ViewController.m */; };
		8ACFF7461CBB6CCD00695E39 /* Main.storyboard in Resources */ = {isa = PBXBuildFile; fileRef = 8ACFF7441CBB6CCD00695E39 /* Main.storyboard */; };
		8ACFF7481CBB6CCD00695E39 /* Assets.xcassets in Resources */ = {isa = PBXBuildFile; fileRef = 8ACFF7471CBB6CCD00695E39 /* Assets.xcassets */; };
		8ACFF74B1CBB6CCD00695E39 /* LaunchScreen.storyboard in Resources */ = {isa = PBXBuildFile; fileRef = 8ACFF7491CBB6CCD00695E39 /* LaunchScreen.storyboard */; };
		8ACFF7561CBB6CCD00695E39 /* UITableView_preferenceTests.m in Sources */ = {isa = PBXBuildFile; fileRef = 8ACFF7551CBB6CCD00695E39 /* UITableView_preferenceTests.m */; };
		8ACFF7611CBB6CCD00695E39 /* UITableView_preferenceUITests.m in Sources */ = {isa = PBXBuildFile; fileRef = 8ACFF7601CBB6CCD00695E39 /* UITableView_preferenceUITests.m */; };
		8ACFF7791CBB8BAC00695E39 /* EaseChineseToPinyin.m in Sources */ = {isa = PBXBuildFile; fileRef = 8ACFF7781CBB8BAC00695E39 /* EaseChineseToPinyin.m */; };
/* End PBXBuildFile section */

/* Begin PBXContainerItemProxy section */
		8ACFF7521CBB6CCD00695E39 /* PBXContainerItemProxy */ = {
			isa = PBXContainerItemProxy;
			containerPortal = 8ACFF7301CBB6CCD00695E39 /* Project object */;
			proxyType = 1;
			remoteGlobalIDString = 8ACFF7371CBB6CCD00695E39;
			remoteInfo = "UITableView preference";
		};
		8ACFF75D1CBB6CCD00695E39 /* PBXContainerItemProxy */ = {
			isa = PBXContainerItemProxy;
			containerPortal = 8ACFF7301CBB6CCD00695E39 /* Project object */;
			proxyType = 1;
			remoteGlobalIDString = 8ACFF7371CBB6CCD00695E39;
			remoteInfo = "UITableView preference";
		};
/* End PBXContainerItemProxy section */

/* Begin PBXFileReference section */
		8ACFF7381CBB6CCD00695E39 /* UITableView preference.app */ = {isa = PBXFileReference; explicitFileType = wrapper.application; includeInIndex = 0; path = "UITableView preference.app"; sourceTree = BUILT_PRODUCTS_DIR; };
		8ACFF73C1CBB6CCD00695E39 /* main.m */ = {isa = PBXFileReference; lastKnownFileType = sourcecode.c.objc; path = main.m; sourceTree = "<group>"; };
		8ACFF73E1CBB6CCD00695E39 /* AppDelegate.h */ = {isa = PBXFileReference; lastKnownFileType = sourcecode.c.h; path = AppDelegate.h; sourceTree = "<group>"; };
		8ACFF73F1CBB6CCD00695E39 /* AppDelegate.m */ = {isa = PBXFileReference; lastKnownFileType = sourcecode.c.objc; path = AppDelegate.m; sourceTree = "<group>"; };
		8ACFF7411CBB6CCD00695E39 /* ViewController.h */ = {isa = PBXFileReference; lastKnownFileType = sourcecode.c.h; path = ViewController.h; sourceTree = "<group>"; };
		8ACFF7421CBB6CCD00695E39 /* ViewController.m */ = {isa = PBXFileReference; lastKnownFileType = sourcecode.c.objc; path = ViewController.m; sourceTree = "<group>"; };
		8ACFF7451CBB6CCD00695E39 /* Base */ = {isa = PBXFileReference; lastKnownFileType = file.storyboard; name = Base; path = Base.lproj/Main.storyboard; sourceTree = "<group>"; };
		8ACFF7471CBB6CCD00695E39 /* Assets.xcassets */ = {isa = PBXFileReference; lastKnownFileType = folder.assetcatalog; path = Assets.xcassets; sourceTree = "<group>"; };
		8ACFF74A1CBB6CCD00695E39 /* Base */ = {isa = PBXFileReference; lastKnownFileType = file.storyboard; name = Base; path = Base.lproj/LaunchScreen.storyboard; sourceTree = "<group>"; };
		8ACFF74C1CBB6CCD00695E39 /* Info.plist */ = {isa = PBXFileReference; lastKnownFileType = text.plist.xml; path = Info.plist; sourceTree = "<group>"; };
		8ACFF7511CBB6CCD00695E39 /* UITableView preferenceTests.xctest */ = {isa = PBXFileReference; explicitFileType = wrapper.cfbundle; includeInIndex = 0; path = "UITableView preferenceTests.xctest"; sourceTree = BUILT_PRODUCTS_DIR; };
		8ACFF7551CBB6CCD00695E39 /* UITableView_preferenceTests.m */ = {isa = PBXFileReference; lastKnownFileType = sourcecode.c.objc; path = UITableView_preferenceTests.m; sourceTree = "<group>"; };
		8ACFF7571CBB6CCD00695E39 /* Info.plist */ = {isa = PBXFileReference; lastKnownFileType = text.plist.xml; path = Info.plist; sourceTree = "<group>"; };
		8ACFF75C1CBB6CCD00695E39 /* UITableView preferenceUITests.xctest */ = {isa = PBXFileReference; explicitFileType = wrapper.cfbundle; includeInIndex = 0; path = "UITableView preferenceUITests.xctest"; sourceTree = BUILT_PRODUCTS_DIR; };
		8ACFF7601CBB6CCD00695E39 /* UITableView_preferenceUITests.m */ = {isa = PBXFileReference; lastKnownFileType = sourcecode.c.objc; path = UITableView_preferenceUITests.m; sourceTree = "<group>"; };
		8ACFF7621CBB6CCD00695E39 /* Info.plist */ = {isa = PBXFileReference; lastKnownFileType = text.plist.xml; path = Info.plist; sourceTree = "<group>"; };
		8ACFF7771CBB8BAC00695E39 /* EaseChineseToPinyin.h */ = {isa = PBXFileReference; fileEncoding = 4; lastKnownFileType = sourcecode.c.h; path = EaseChineseToPinyin.h; sourceTree = "<group>"; };
		8ACFF7781CBB8BAC00695E39 /* EaseChineseToPinyin.m */ = {isa = PBXFileReference; fileEncoding = 4; lastKnownFileType = sourcecode.c.objc; path = EaseChineseToPinyin.m; sourceTree = "<group>"; };
/* End PBXFileReference section */

/* Begin PBXFrameworksBuildPhase section */
		8ACFF7351CBB6CCD00695E39 /* Frameworks */ = {
			isa = PBXFrameworksBuildPhase;
			buildActionMask = 2147483647;
			files = (
			);
			runOnlyForDeploymentPostprocessing = 0;
		};
		8ACFF74E1CBB6CCD00695E39 /* Frameworks */ = {
			isa = PBXFrameworksBuildPhase;
			buildActionMask = 2147483647;
			files = (
			);
			runOnlyForDeploymentPostprocessing = 0;
		};
		8ACFF7591CBB6CCD00695E39 /* Frameworks */ = {
			isa = PBXFrameworksBuildPhase;
			buildActionMask = 2147483647;
			files = (
			);
			runOnlyForDeploymentPostprocessing = 0;
		};
/* End PBXFrameworksBuildPhase section */

/* Begin PBXGroup section */
		8ACFF72F1CBB6CCD00695E39 = {
			isa = PBXGroup;
			children = (
				8ACFF73A1CBB6CCD00695E39 /* UITableView preference */,
				8ACFF7541CBB6CCD00695E39 /* UITableView preferenceTests */,
				8ACFF75F1CBB6CCD00695E39 /* UITableView preferenceUITests */,
				8ACFF7391CBB6CCD00695E39 /* Products */,
			);
			sourceTree = "<group>";
		};
		8ACFF7391CBB6CCD00695E39 /* Products */ = {
			isa = PBXGroup;
			children = (
				8ACFF7381CBB6CCD00695E39 /* UITableView preference.app */,
				8ACFF7511CBB6CCD00695E39 /* UITableView preferenceTests.xctest */,
				8ACFF75C1CBB6CCD00695E39 /* UITableView preferenceUITests.xctest */,
			);
			name = Products;
			sourceTree = "<group>";
		};
		8ACFF73A1CBB6CCD00695E39 /* UITableView preference */ = {
			isa = PBXGroup;
			children = (
				8ACFF7761CBB8BAC00695E39 /* EsePinyin */,
				8ACFF73E1CBB6CCD00695E39 /* AppDelegate.h */,
				8ACFF73F1CBB6CCD00695E39 /* AppDelegate.m */,
				8ACFF7411CBB6CCD00695E39 /* ViewController.h */,
				8ACFF7421CBB6CCD00695E39 /* ViewController.m */,
				8ACFF7441CBB6CCD00695E39 /* Main.storyboard */,
				8ACFF7471CBB6CCD00695E39 /* Assets.xcassets */,
				8ACFF7491CBB6CCD00695E39 /* LaunchScreen.storyboard */,
				8ACFF74C1CBB6CCD00695E39 /* Info.plist */,
				8ACFF73B1CBB6CCD00695E39 /* Supporting Files */,
			);
			path = "UITableView preference";
			sourceTree = "<group>";
		};
		8ACFF73B1CBB6CCD00695E39 /* Supporting Files */ = {
			isa = PBXGroup;
			children = (
				8ACFF73C1CBB6CCD00695E39 /* main.m */,
			);
			name = "Supporting Files";
			sourceTree = "<group>";
		};
		8ACFF7541CBB6CCD00695E39 /* UITableView preferenceTests */ = {
			isa = PBXGroup;
			children = (
				8ACFF7551CBB6CCD00695E39 /* UITableView_preferenceTests.m */,
				8ACFF7571CBB6CCD00695E39 /* Info.plist */,
			);
			path = "UITableView preferenceTests";
			sourceTree = "<group>";
		};
		8ACFF75F1CBB6CCD00695E39 /* UITableView preferenceUITests */ = {
			isa = PBXGroup;
			children = (
				8ACFF7601CBB6CCD00695E39 /* UITableView_preferenceUITests.m */,
				8ACFF7621CBB6CCD00695E39 /* Info.plist */,
			);
			path = "UITableView preferenceUITests";
			sourceTree = "<group>";
		};
		8ACFF7761CBB8BAC00695E39 /* EsePinyin */ = {
			isa = PBXGroup;
			children = (
				8ACFF7771CBB8BAC00695E39 /* EaseChineseToPinyin.h */,
				8ACFF7781CBB8BAC00695E39 /* EaseChineseToPinyin.m */,
			);
			path = EsePinyin;
			sourceTree = "<group>";
		};
/* End PBXGroup section */

/* Begin PBXNativeTarget section */
		8ACFF7371CBB6CCD00695E39 /* UITableView preference */ = {
			isa = PBXNativeTarget;
			buildConfigurationList = 8ACFF7651CBB6CCD00695E39 /* Build configuration list for PBXNativeTarget "UITableView preference" */;
			buildPhases = (
				8ACFF7341CBB6CCD00695E39 /* Sources */,
				8ACFF7351CBB6CCD00695E39 /* Frameworks */,
				8ACFF7361CBB6CCD00695E39 /* Resources */,
			);
			buildRules = (
			);
			dependencies = (
			);
			name = "UITableView preference";
			productName = "UITableView preference";
			productReference = 8ACFF7381CBB6CCD00695E39 /* UITableView preference.app */;
			productType = "com.apple.product-type.application";
		};
		8ACFF7501CBB6CCD00695E39 /* UITableView preferenceTests */ = {
			isa = PBXNativeTarget;
			buildConfigurationList = 8ACFF7681CBB6CCD00695E39 /* Build configuration list for PBXNativeTarget "UITableView preferenceTests" */;
			buildPhases = (
				8ACFF74D1CBB6CCD00695E39 /* Sources */,
				8ACFF74E1CBB6CCD00695E39 /* Frameworks */,
				8ACFF74F1CBB6CCD00695E39 /* Resources */,
			);
			buildRules = (
			);
			dependencies = (
				8ACFF7531CBB6CCD00695E39 /* PBXTargetDependency */,
			);
			name = "UITableView preferenceTests";
			productName = "UITableView preferenceTests";
			productReference = 8ACFF7511CBB6CCD00695E39 /* UITableView preferenceTests.xctest */;
			productType = "com.apple.product-type.bundle.unit-test";
		};
		8ACFF75B1CBB6CCD00695E39 /* UITableView preferenceUITests */ = {
			isa = PBXNativeTarget;
			buildConfigurationList = 8ACFF76B1CBB6CCD00695E39 /* Build configuration list for PBXNativeTarget "UITableView preferenceUITests" */;
			buildPhases = (
				8ACFF7581CBB6CCD00695E39 /* Sources */,
				8ACFF7591CBB6CCD00695E39 /* Frameworks */,
				8ACFF75A1CBB6CCD00695E39 /* Resources */,
			);
			buildRules = (
			);
			dependencies = (
				8ACFF75E1CBB6CCD00695E39 /* PBXTargetDependency */,
			);
			name = "UITableView preferenceUITests";
			productName = "UITableView preferenceUITests";
			productReference = 8ACFF75C1CBB6CCD00695E39 /* UITableView preferenceUITests.xctest */;
			productType = "com.apple.product-type.bundle.ui-testing";
		};
/* End PBXNativeTarget section */

/* Begin PBXProject section */
		8ACFF7301CBB6CCD00695E39 /* Project object */ = {
			isa = PBXProject;
			attributes = {
				LastUpgradeCheck = 0730;
				ORGANIZATIONNAME = shenliping;
				TargetAttributes = {
					8ACFF7371CBB6CCD00695E39 = {
						CreatedOnToolsVersion = 7.3;
					};
					8ACFF7501CBB6CCD00695E39 = {
						CreatedOnToolsVersion = 7.3;
						TestTargetID = 8ACFF7371CBB6CCD00695E39;
					};
					8ACFF75B1CBB6CCD00695E39 = {
						CreatedOnToolsVersion = 7.3;
						TestTargetID = 8ACFF7371CBB6CCD00695E39;
					};
				};
			};
			buildConfigurationList = 8ACFF7331CBB6CCD00695E39 /* Build configuration list for PBXProject "UITableView preference" */;
			compatibilityVersion = "Xcode 3.2";
			developmentRegion = English;
			hasScannedForEncodings = 0;
			knownRegions = (
				en,
				Base,
			);
			mainGroup = 8ACFF72F1CBB6CCD00695E39;
			productRefGroup = 8ACFF7391CBB6CCD00695E39 /* Products */;
			projectDirPath = "";
			projectRoot = "";
			targets = (
				8ACFF7371CBB6CCD00695E39 /* UITableView preference */,
				8ACFF7501CBB6CCD00695E39 /* UITableView preferenceTests */,
				8ACFF75B1CBB6CCD00695E39 /* UITableView preferenceUITests */,
			);
		};
/* End PBXProject section */

/* Begin PBXResourcesBuildPhase section */
		8ACFF7361CBB6CCD00695E39 /* Resources */ = {
			isa = PBXResourcesBuildPhase;
			buildActionMask = 2147483647;
			files = (
				8ACFF74B1CBB6CCD00695E39 /* LaunchScreen.storyboard in Resources */,
				8ACFF7481CBB6CCD00695E39 /* Assets.xcassets in Resources */,
				8ACFF7461CBB6CCD00695E39 /* Main.storyboard in Resources */,
			);
			runOnlyForDeploymentPostprocessing = 0;
		};
		8ACFF74F1CBB6CCD00695E39 /* Resources */ = {
			isa = PBXResourcesBuildPhase;
			buildActionMask = 2147483647;
			files = (
			);
			runOnlyForDeploymentPostprocessing = 0;
		};
		8ACFF75A1CBB6CCD00695E39 /* Resources */ = {
			isa = PBXResourcesBuildPhase;
			buildActionMask = 2147483647;
			files = (
			);
			runOnlyForDeploymentPostprocessing = 0;
		};
/* End PBXResourcesBuildPhase section */

/* Begin PBXSourcesBuildPhase section */
		8ACFF7341CBB6CCD00695E39 /* Sources */ = {
			isa = PBXSourcesBuildPhase;
			buildActionMask = 2147483647;
			files = (
				8ACFF7431CBB6CCD00695E39 /* ViewController.m in Sources */,
				8ACFF7401CBB6CCD00695E39 /* AppDelegate.m in Sources */,
				8ACFF73D1CBB6CCD00695E39 /* main.m in Sources */,
				8ACFF7791CBB8BAC00695E39 /* EaseChineseToPinyin.m in Sources */,
			);
			runOnlyForDeploymentPostprocessing = 0;
		};
		8ACFF74D1CBB6CCD00695E39 /* Sources */ = {
			isa = PBXSourcesBuildPhase;
			buildActionMask = 2147483647;
			files = (
				8ACFF7561CBB6CCD00695E39 /* UITableView_preferenceTests.m in Sources */,
			);
			runOnlyForDeploymentPostprocessing = 0;
		};
		8ACFF7581CBB6CCD00695E39 /* Sources */ = {
			isa = PBXSourcesBuildPhase;
			buildActionMask = 2147483647;
			files = (
				8ACFF7611CBB6CCD00695E39 /* UITableView_preferenceUITests.m in Sources */,
			);
			runOnlyForDeploymentPostprocessing = 0;
		};
/* End PBXSourcesBuildPhase section */

/* Begin PBXTargetDependency section */
		8ACFF7531CBB6CCD00695E39 /* PBXTargetDependency */ = {
			isa = PBXTargetDependency;
			target = 8ACFF7371CBB6CCD00695E39 /* UITableView preference */;
			targetProxy = 8ACFF7521CBB6CCD00695E39 /* PBXContainerItemProxy */;
		};
		8ACFF75E1CBB6CCD00695E39 /* PBXTargetDependency */ = {
			isa = PBXTargetDependency;
			target = 8ACFF7371CBB6CCD00695E39 /* UITableView preference */;
			targetProxy = 8ACFF75D1CBB6CCD00695E39 /* PBXContainerItemProxy */;
		};
/* End PBXTargetDependency section */

/* Begin PBXVariantGroup section */
		8ACFF7441CBB6CCD00695E39 /* Main.storyboard */ = {
			isa = PBXVariantGroup;
			children = (
				8ACFF7451CBB6CCD00695E39 /* Base */,
			);
			name = Main.storyboard;
			sourceTree = "<group>";
		};
		8ACFF7491CBB6CCD00695E39 /* LaunchScreen.storyboard */ = {
			isa = PBXVariantGroup;
			children = (
				8ACFF74A1CBB6CCD00695E39 /* Base */,
			);
			name = LaunchScreen.storyboard;
			sourceTree = "<group>";
		};
/* End PBXVariantGroup section */

/* Begin XCBuildConfiguration section */
		8ACFF7631CBB6CCD00695E39 /* Debug */ = {
			isa = XCBuildConfiguration;
			buildSettings = {
				ALWAYS_SEARCH_USER_PATHS = NO;
				CLANG_ANALYZER_NONNULL = YES;
				CLANG_CXX_LANGUAGE_STANDARD = "gnu++0x";
				CLANG_CXX_LIBRARY = "libc++";
				CLANG_ENABLE_MODULES = YES;
				CLANG_ENABLE_OBJC_ARC = YES;
				CLANG_WARN_BOOL_CONVERSION = YES;
				CLANG_WARN_CONSTANT_CONVERSION = YES;
				CLANG_WARN_DIRECT_OBJC_ISA_USAGE = YES_ERROR;
				CLANG_WARN_EMPTY_BODY = YES;
				CLANG_WARN_ENUM_CONVERSION = YES;
				CLANG_WARN_INT_CONVERSION = YES;
				CLANG_WARN_OBJC_ROOT_CLASS = YES_ERROR;
				CLANG_WARN_UNREACHABLE_CODE = YES;
				CLANG_WARN__DUPLICATE_METHOD_MATCH = YES;
				"CODE_SIGN_IDENTITY[sdk=iphoneos*]" = "iPhone Developer";
				COPY_PHASE_STRIP = NO;
				DEBUG_INFORMATION_FORMAT = dwarf;
				ENABLE_STRICT_OBJC_MSGSEND = YES;
				ENABLE_TESTABILITY = YES;
				GCC_C_LANGUAGE_STANDARD = gnu99;
				GCC_DYNAMIC_NO_PIC = NO;
				GCC_NO_COMMON_BLOCKS = YES;
				GCC_OPTIMIZATION_LEVEL = 0;
				GCC_PREPROCESSOR_DEFINITIONS = (
					"DEBUG=1",
					"$(inherited)",
				);
				GCC_WARN_64_TO_32_BIT_CONVERSION = YES;
				GCC_WARN_ABOUT_RETURN_TYPE = YES_ERROR;
				GCC_WARN_UNDECLARED_SELECTOR = YES;
				GCC_WARN_UNINITIALIZED_AUTOS = YES_AGGRESSIVE;
				GCC_WARN_UNUSED_FUNCTION = YES;
				GCC_WARN_UNUSED_VARIABLE = YES;
				IPHONEOS_DEPLOYMENT_TARGET = 9.3;
				MTL_ENABLE_DEBUG_INFO = YES;
				ONLY_ACTIVE_ARCH = YES;
				SDKROOT = iphoneos;
			};
			name = Debug;
		};
		8ACFF7641CBB6CCD00695E39 /* Release */ = {
			isa = XCBuildConfiguration;
			buildSettings = {
				ALWAYS_SEARCH_USER_PATHS = NO;
				CLANG_ANALYZER_NONNULL = YES;
				CLANG_CXX_LANGUAGE_STANDARD = "gnu++0x";
				CLANG_CXX_LIBRARY = "libc++";
				CLANG_ENABLE_MODULES = YES;
				CLANG_ENABLE_OBJC_ARC = YES;
				CLANG_WARN_BOOL_CONVERSION = YES;
				CLANG_WARN_CONSTANT_CONVERSION = YES;
				CLANG_WARN_DIRECT_OBJC_ISA_USAGE = YES_ERROR;
				CLANG_WARN_EMPTY_BODY = YES;
				CLANG_WARN_ENUM_CONVERSION = YES;
				CLANG_WARN_INT_CONVERSION = YES;
				CLANG_WARN_OBJC_ROOT_CLASS = YES_ERROR;
				CLANG_WARN_UNREACHABLE_CODE = YES;
				CLANG_WARN__DUPLICATE_METHOD_MATCH = YES;
				"CODE_SIGN_IDENTITY[sdk=iphoneos*]" = "iPhone Developer";
				COPY_PHASE_STRIP = NO;
				DEBUG_INFORMATION_FORMAT = "dwarf-with-dsym";
				ENABLE_NS_ASSERTIONS = NO;
				ENABLE_STRICT_OBJC_MSGSEND = YES;
				GCC_C_LANGUAGE_STANDARD = gnu99;
				GCC_NO_COMMON_BLOCKS = YES;
				GCC_WARN_64_TO_32_BIT_CONVERSION = YES;
				GCC_WARN_ABOUT_RETURN_TYPE = YES_ERROR;
				GCC_WARN_UNDECLARED_SELECTOR = YES;
				GCC_WARN_UNINITIALIZED_AUTOS = YES_AGGRESSIVE;
				GCC_WARN_UNUSED_FUNCTION = YES;
				GCC_WARN_UNUSED_VARIABLE = YES;
				IPHONEOS_DEPLOYMENT_TARGET = 9.3;
				MTL_ENABLE_DEBUG_INFO = NO;
				SDKROOT = iphoneos;
				VALIDATE_PRODUCT = YES;
			};
			name = Release;
		};
		8ACFF7661CBB6CCD00695E39 /* Debug */ = {
			isa = XCBuildConfiguration;
			buildSettings = {
				ASSETCATALOG_COMPILER_APPICON_NAME = AppIcon;
				INFOPLIST_FILE = "UITableView preference/Info.plist";
				LD_RUNPATH_SEARCH_PATHS = "$(inherited) @executable_path/Frameworks";
				PRODUCT_BUNDLE_IDENTIFIER = "sss.UITableView-preference";
				PRODUCT_NAME = "$(TARGET_NAME)";
			};
			name = Debug;
		};
		8ACFF7671CBB6CCD00695E39 /* Release */ = {
			isa = XCBuildConfiguration;
			buildSettings = {
				ASSETCATALOG_COMPILER_APPICON_NAME = AppIcon;
				INFOPLIST_FILE = "UITableView preference/Info.plist";
				LD_RUNPATH_SEARCH_PATHS = "$(inherited) @executable_path/Frameworks";
				PRODUCT_BUNDLE_IDENTIFIER = "sss.UITableView-preference";
				PRODUCT_NAME = "$(TARGET_NAME)";
			};
			name = Release;
		};
		8ACFF7691CBB6CCD00695E39 /* Debug */ = {
			isa = XCBuildConfiguration;
			buildSettings = {
				BUNDLE_LOADER = "$(TEST_HOST)";
				INFOPLIST_FILE = "UITableView preferenceTests/Info.plist";
				LD_RUNPATH_SEARCH_PATHS = "$(inherited) @executable_path/Frameworks @loader_path/Frameworks";
				PRODUCT_BUNDLE_IDENTIFIER = "sss.UITableView-preferenceTests";
				PRODUCT_NAME = "$(TARGET_NAME)";
				TEST_HOST = "$(BUILT_PRODUCTS_DIR)/UITableView preference.app/UITableView preference";
			};
			name = Debug;
		};
		8ACFF76A1CBB6CCD00695E39 /* Release */ = {
			isa = XCBuildConfiguration;
			buildSettings = {
				BUNDLE_LOADER = "$(TEST_HOST)";
				INFOPLIST_FILE = "UITableView preferenceTests/Info.plist";
				LD_RUNPATH_SEARCH_PATHS = "$(inherited) @executable_path/Frameworks @loader_path/Frameworks";
				PRODUCT_BUNDLE_IDENTIFIER = "sss.UITableView-preferenceTests";
				PRODUCT_NAME = "$(TARGET_NAME)";
				TEST_HOST = "$(BUILT_PRODUCTS_DIR)/UITableView preference.app/UITableView preference";
			};
			name = Release;
		};
		8ACFF76C1CBB6CCD00695E39 /* Debug */ = {
			isa = XCBuildConfiguration;
			buildSettings = {
				INFOPLIST_FILE = "UITableView preferenceUITests/Info.plist";
				LD_RUNPATH_SEARCH_PATHS = "$(inherited) @executable_path/Frameworks @loader_path/Frameworks";
				PRODUCT_BUNDLE_IDENTIFIER = "sss.UITableView-preferenceUITests";
				PRODUCT_NAME = "$(TARGET_NAME)";
				TEST_TARGET_NAME = "UITableView preference";
			};
			name = Debug;
		};
		8ACFF76D1CBB6CCD00695E39 /* Release */ = {
			isa = XCBuildConfiguration;
			buildSettings = {
				INFOPLIST_FILE = "UITableView preferenceUITests/Info.plist";
				LD_RUNPATH_SEARCH_PATHS = "$(inherited) @executable_path/Frameworks @loader_path/Frameworks";
				PRODUCT_BUNDLE_IDENTIFIER = "sss.UITableView-preferenceUITests";
				PRODUCT_NAME = "$(TARGET_NAME)";
				TEST_TARGET_NAME = "UITableView preference";
			};
			name = Release;
		};
/* End XCBuildConfiguration section */

/* Begin XCConfigurationList section */
		8ACFF7331CBB6CCD00695E39 /* Build configuration list for PBXProject "UITableView preference" */ = {
			isa = XCConfigurationList;
			buildConfigurations = (
				8ACFF7631CBB6CCD00695E39 /* Debug */,
				8ACFF7641CBB6CCD00695E39 /* Release */,
			);
			defaultConfigurationIsVisible = 0;
			defaultConfigurationName = Release;
		};
		8ACFF7651CBB6CCD00695E39 /* Build configuration list for PBXNativeTarget "UITableView preference" */ = {
			isa = XCConfigurationList;
			buildConfigurations = (
				8ACFF7661CBB6CCD00695E39 /* Debug */,
				8ACFF7671CBB6CCD00695E39 /* Release */,
			);
			defaultConfigurationIsVisible = 0;
		};
		8ACFF7681CBB6CCD00695E39 /* Build configuration list for PBXNativeTarget "UITableView preferenceTests" */ = {
			isa = XCConfigurationList;
			buildConfigurations = (
				8ACFF7691CBB6CCD00695E39 /* Debug */,
				8ACFF76A1CBB6CCD00695E39 /* Release */,
			);
			defaultConfigurationIsVisible = 0;
		};
		8ACFF76B1CBB6CCD00695E39 /* Build configuration list for PBXNativeTarget "UITableView preferenceUITests" */ = {
			isa = XCConfigurationList;
			buildConfigurations = (
				8ACFF76C1CBB6CCD00695E39 /* Debug */,
				8ACFF76D1CBB6CCD00695E39 /* Release */,
			);
			defaultConfigurationIsVisible = 0;
		};
/* End XCConfigurationList section */
	};
	rootObject = 8ACFF7301CBB6CCD00695E39 /* Project object */;
}
